
Microsoft Visual Studio Solution File, Format Version 12.00
# Visual Studio Version 17
VisualStudioVersion = 17.2.32602.215
MinimumVisualStudioVersion = 10.0.40219.1
Project("{FAE04EC0-301F-11D3-BF4B-00C04F79EFBC}") = "Marraia.KeyCloak.API", "Marraia.KeyCloak.API\Marraia.KeyCloak.API.csproj", "{A5338F46-A48D-44E3-88EA-6FBA61F9257B}"
EndProject
Global
	GlobalSection(SolutionConfigurationPlatforms) = preSolution
		Debug|Any CPU = Debug|Any CPU
		Release|Any CPU = Release|Any CPU
	EndGlobalSection
	GlobalSection(ProjectConfigurationPlatforms) = postSolution
		{A5338F46-A48D-44E3-88EA-6FBA61F9257B}.Debug|Any CPU.ActiveCfg = Debug|Any CPU
		{A5338F46-A48D-44E3-88EA-6FBA61F9257B}.Debug|Any CPU.Build.0 = Debug|Any CPU
		{A5338F46-A48D-44E3-88EA-6FBA61F9257B}.Release|Any CPU.ActiveCfg = Release|Any CPU
		{A5338F46-A48D-44E3-88EA-6FBA61F9257B}.Release|Any CPU.Build.0 = Release|Any CPU
	EndGlobalSection
	GlobalSection(SolutionProperties) = preSolution
		HideSolutionNode = FALSE
	EndGlobalSection
	GlobalSection(ExtensibilityGlobals) = postSolution
		SolutionGuid = {6D7F305B-CDF7-48A6-88A9-0FBCBA5B0F1F}
	EndGlobalSection
EndGlobal
